PODS:
  - Alamofire (4.8.1)
  - ANLoader (1.1.2)
  - IQKeyboardManagerSwift (6.2.0)
  - SDWebImage (4.4.5):
    - SDWebImage/Core (= 4.4.5)
  - SDWebImage/Core (4.4.5)
  - SideMenu (6.2.2)
  - SmileLock (3.0.6)
  - SwiftCompressor (0.2.1)
  - TLPhotoPicker (1.9.7)

DEPENDENCIES:
  - Alamofire
  - ANLoader
  - IQKeyboardManagerSwift
  - SDWebImage
  - SideMenu
  - SmileLock
  - SwiftCompressor
  - TLPhotoPicker

SPEC REPOS:
  https://github.com/cocoapods/specs.git:
    - Alamofire
    - ANLoader
    - IQKeyboardManagerSwift
    - SDWebImage
    - SideMenu
    - SmileLock
    - SwiftCompressor
    - TLPhotoPicker

SPEC CHECKSUMS:
  Alamofire: 16ce2c353fb72865124ddae8a57c5942388f4f11
  ANLoader: fe33ee0568e30894f7d33e7d3aafe8de4b980153
  IQKeyboardManagerSwift: b07ccf9d8cafe993dcd6cb794eb4ba34611a0c4e
  SDWebImage: ecc03494e973b93b80213649d32175f8d2d17d4d
  SideMenu: ba47df99f8efc13848b5b67c11a88a770280ab03
  SmileLock: f9d8a44861dbdd1d2e48525577fb5dc0e9c2d314
  SwiftCompressor: ebad85a0494f7a4f6e0ade26746e050cab7c990a
  TLPhotoPicker: 5b2396f402688b6868636263ebe6f4aeb8a2fdff

PODFILE CHECKSUM: 70809f4dc6541a230b023e3b8904e994d635d0bc

COCOAPODS: 1.7.5
